
Microsoft Visual Studio Solution File, Format Version 12.00
# Visual Studio Version 16
VisualStudioVersion = 16.0.30907.101
MinimumVisualStudioVersion = 10.0.40219.1
Project("{8BC9CEB8-8B4A-11D0-8D11-00A0C91BC942}") = "project1", "project1\project1.vcxproj", "{BAC9CC0F-4B88-4AA0-8735-144736F2BA6B}"
EndProject
Project("{8BC9CEB8-8B4A-11D0-8D11-00A0C91BC942}") = "Testing", "Testing\Testing.vcxproj", "{F551D502-F3E3-4075-9CB7-4F9A05736C5F}"
	ProjectSection(ProjectDependencies) = postProject
		{BAC9CC0F-4B88-4AA0-8735-144736F2BA6B} = {BAC9CC0F-4B88-4AA0-8735-144736F2BA6B}
	EndProjectSection
EndProject
Global
	GlobalSection(SolutionConfigurationPlatforms) = preSolution
		Debug|x64 = Debug|x64
		Debug|x86 = Debug|x86
		Release|x64 = Release|x64
		Release|x86 = Release|x86
	EndGlobalSection
	GlobalSection(ProjectConfigurationPlatforms) = postSolution
		{BAC9CC0F-4B88-4AA0-8735-144736F2BA6B}.Debug|x64.ActiveCfg = Debug|x64
		{BAC9CC0F-4B88-4AA0-8735-144736F2BA6B}.Debug|x64.Build.0 = Debug|x64
		{BAC9CC0F-4B88-4AA0-8735-144736F2BA6B}.Debug|x86.ActiveCfg = Debug|Win32
		{BAC9CC0F-4B88-4AA0-8735-144736F2BA6B}.Debug|x86.Build.0 = Debug|Win32
		{BAC9CC0F-4B88-4AA0-8735-144736F2BA6B}.Release|x64.ActiveCfg = Release|x64
		{BAC9CC0F-4B88-4AA0-8735-144736F2BA6B}.Release|x64.Build.0 = Release|x64
		{BAC9CC0F-4B88-4AA0-8735-144736F2BA6B}.Release|x86.ActiveCfg = Release|Win32
		{BAC9CC0F-4B88-4AA0-8735-144736F2BA6B}.Release|x86.Build.0 = Release|Win32
		{F551D502-F3E3-4075-9CB7-4F9A05736C5F}.Debug|x64.ActiveCfg = Debug|x64
		{F551D502-F3E3-4075-9CB7-4F9A05736C5F}.Debug|x64.Build.0 = Debug|x64
		{F551D502-F3E3-4075-9CB7-4F9A05736C5F}.Debug|x86.ActiveCfg = Debug|Win32
		{F551D502-F3E3-4075-9CB7-4F9A05736C5F}.Debug|x86.Build.0 = Debug|Win32
		{F551D502-F3E3-4075-9CB7-4F9A05736C5F}.Release|x64.ActiveCfg = Release|x64
		{F551D502-F3E3-4075-9CB7-4F9A05736C5F}.Release|x64.Build.0 = Release|x64
		{F551D502-F3E3-4075-9CB7-4F9A05736C5F}.Release|x86.ActiveCfg = Release|Win32
		{F551D502-F3E3-4075-9CB7-4F9A05736C5F}.Release|x86.Build.0 = Release|Win32
	EndGlobalSection
	GlobalSection(SolutionProperties) = preSolution
		HideSolutionNode = FALSE
	EndGlobalSection
	GlobalSection(ExtensibilityGlobals) = postSolution
		SolutionGuid = {D9017BCB-F536-4FC4-8CAB-AE7B78174ECA}
	EndGlobalSection
EndGlobal
