<?xml version="1.0" encoding="utf-8"?>
<Project ToolsVersion="4.0" xmlns="http://schemas.microsoft.com/developer/msbuild/2003">
  <ItemGroup>
    <ClCompile Include="Machine.cpp">
      <Filter>Source Files</Filter>
    </ClCompile>
    <ClCompile Include="MachineDlg.cpp">
      <Filter>Source Files</Filter>
    </ClCompile>
    <ClCompile Include="MachineFactory.cpp">
      <Filter>Source Files</Filter>
    </ClCompile>
    <ClCompile Include="MachineLib.cpp">
      <Filter>Source Files</Filter>
    </ClCompile>
    <ClCompile Include="MachineStandin.cpp">
      <Filter>Source Files</Filter>
    </ClCompile>
    <ClCompile Include="Polygon.cpp">
      <Filter>Source Files</Filter>
    </ClCompile>
    <ClCompile Include="WavChannel.cpp">
      <Filter>Source Files</Filter>
    </ClCompile>
    <ClCompile Include="WAVFileReader.cpp">
      <Filter>Source Files</Filter>
    </ClCompile>
    <ClCompile Include="WavPlayer.cpp">
      <Filter>Source Files</Filter>
    </ClCompile>
    <ClCompile Include="pch.cpp">
      <Filter>Source Files</Filter>
    </ClCompile>
    <ClCompile Include="MachineTemp.cpp">
      <Filter>Source Files</Filter>
    </ClCompile>
    <ClCompile Include="MachineCustom.cpp">
      <Filter>Source Files</Filter>
    </ClCompile>
    <ClCompile Include="MachineOneFactory.cpp">
      <Filter>Source Files</Filter>
    </ClCompile>
    <ClCompile Include="MachineTwoFactory.cpp">
      <Filter>Source Files</Filter>
    </ClCompile>
    <ClCompile Include="Component.cpp">
      <Filter>Source Files</Filter>
    </ClCompile>
    <ClCompile Include="Tubing.cpp">
      <Filter>Source Files</Filter>
    </ClCompile>
    <ClCompile Include="CardReader.cpp">
      <Filter>Source Files</Filter>
    </ClCompile>
    <ClCompile Include="EndPoint.cpp">
      <Filter>Source Files</Filter>
    </ClCompile>
    <ClCompile Include="AirSource.cpp">
      <Filter>Source Files</Filter>
    </ClCompile>
    <ClCompile Include="AirSink.cpp">
      <Filter>Source Files</Filter>
    </ClCompile>
    <ClCompile Include="Clamp.cpp">
      <Filter>Source Files</Filter>
    </ClCompile>
    <ClCompile Include="Cylinder.cpp">
      <Filter>Source Files</Filter>
    </ClCompile>
    <ClCompile Include="MotionSource.cpp">
      <Filter>Source Files</Filter>
    </ClCompile>
    <ClCompile Include="MotionSink.cpp">
      <Filter>Source Files</Filter>
    </ClCompile>
    <ClCompile Include="Instrument.cpp">
      <Filter>Source Files</Filter>
    </ClCompile>
    <ClCompile Include="Shape.cpp">
      <Filter>Source Files</Filter>
    </ClCompile>
    <ClCompile Include="Drum.cpp">
      <Filter>Source Files</Filter>
    </ClCompile>
    <ClCompile Include="Cymbal.cpp">
      <Filter>Source Files</Filter>
    </ClCompile>
    <ClCompile Include="Chime.cpp">
      <Filter>Source Files</Filter>
    </ClCompile>
    <ClCompile Include="AirSinkDestination.cpp">
      <Filter>Source Files</Filter>
    </ClCompile>
  </ItemGroup>
  <ItemGroup>
    <ClInclude Include="WavChannel.h">
      <Filter>Header Files</Filter>
    </ClInclude>
    <ClInclude Include="WAVFileReader.h">
      <Filter>Header Files</Filter>
    </ClInclude>
    <ClInclude Include="WavPlayer.h">
      <Filter>Header Files</Filter>
    </ClInclude>
    <ClInclude Include="targetver.h">
      <Filter>Header Files</Filter>
    </ClInclude>
    <ClInclude Include="pch.h">
      <Filter>Header Files</Filter>
    </ClInclude>
    <ClInclude Include="Polygon.h">
      <Filter>Header Files</Filter>
    </ClInclude>
    <ClInclude Include="Resource.h">
      <Filter>Header Files</Filter>
    </ClInclude>
    <ClInclude Include="Machine.h">
      <Filter>Header Files</Filter>
    </ClInclude>
    <ClInclude Include="MachineDlg.h">
      <Filter>Header Files</Filter>
    </ClInclude>
    <ClInclude Include="MachineFactory.h">
      <Filter>Header Files</Filter>
    </ClInclude>
    <ClInclude Include="MachineStandin.h">
      <Filter>Header Files</Filter>
    </ClInclude>
    <ClInclude Include="MachineTemp.h">
      <Filter>Header Files</Filter>
    </ClInclude>
    <ClInclude Include="MachineCustom.h">
      <Filter>Header Files</Filter>
    </ClInclude>
    <ClInclude Include="MachineLib.h">
      <Filter>Header Files</Filter>
    </ClInclude>
    <ClInclude Include="MachineOneFactory.h">
      <Filter>Header Files</Filter>
    </ClInclude>
    <ClInclude Include="MachineTwoFactory.h">
      <Filter>Header Files</Filter>
    </ClInclude>
    <ClInclude Include="Component.h">
      <Filter>Header Files</Filter>
    </ClInclude>
    <ClInclude Include="Tubing.h">
      <Filter>Header Files</Filter>
    </ClInclude>
    <ClInclude Include="CardReader.h">
      <Filter>Header Files</Filter>
    </ClInclude>
    <ClInclude Include="EndPoint.h">
      <Filter>Header Files</Filter>
    </ClInclude>
    <ClInclude Include="AirSource.h">
      <Filter>Header Files</Filter>
    </ClInclude>
    <ClInclude Include="AirSink.h">
      <Filter>Header Files</Filter>
    </ClInclude>
    <ClInclude Include="Clamp.h">
      <Filter>Header Files</Filter>
    </ClInclude>
    <ClInclude Include="Cylinder.h">
      <Filter>Header Files</Filter>
    </ClInclude>
    <ClInclude Include="MotionSource.h">
      <Filter>Header Files</Filter>
    </ClInclude>
    <ClInclude Include="MotionSink.h">
      <Filter>Header Files</Filter>
    </ClInclude>
    <ClInclude Include="Instrument.h">
      <Filter>Header Files</Filter>
    </ClInclude>
    <ClInclude Include="Shape.h">
      <Filter>Header Files</Filter>
    </ClInclude>
    <ClInclude Include="Drum.h">
      <Filter>Header Files</Filter>
    </ClInclude>
    <ClInclude Include="Cymbal.h">
      <Filter>Header Files</Filter>
    </ClInclude>
    <ClInclude Include="Chime.h">
      <Filter>Header Files</Filter>
    </ClInclude>
    <ClInclude Include="AirSinkDestination.h">
      <Filter>Header Files</Filter>
    </ClInclude>
  </ItemGroup>
  <ItemGroup>
    <ResourceCompile Include="MachineLib.rc" />
  </ItemGroup>
  <ItemGroup>
    <Image Include="res\machine.bmp" />
  </ItemGroup>
  <ItemGroup>
    <None Include="res\MachineLib.rc2" />
    <None Include="MachineLib.def" />
  </ItemGroup>
  <ItemGroup>
    <Filter Include="Header Files">
      <UniqueIdentifier>{5bcbb6de-d1f3-4544-8093-912ab9f864c3}</UniqueIdentifier>
    </Filter>
    <Filter Include="Source Files">
      <UniqueIdentifier>{02ca9b21-3a9d-444c-be4f-9849b8e91026}</UniqueIdentifier>
    </Filter>
  </ItemGroup>
</Project>